
Microsoft Visual Studio Solution File, Format Version 12.00
# Visual Studio Version 17
VisualStudioVersion = 17.8.34511.84
MinimumVisualStudioVersion = 10.0.40219.1
Project("{FAE04EC0-301F-11D3-BF4B-00C04F79EFBC}") = "VilaZen_VilaAPI", "VilaZen_VilaAPI\VilaZen_VilaAPI.csproj", "{075D7F20-2584-4010-8307-D83D459DCFCE}"
EndProject
Global
	GlobalSection(SolutionConfigurationPlatforms) = preSolution
		Debug|Any CPU = Debug|Any CPU
		Release|Any CPU = Release|Any CPU
	EndGlobalSection
	GlobalSection(ProjectConfigurationPlatforms) = postSolution
		{075D7F20-2584-4010-8307-D83D459DCFCE}.Debug|Any CPU.ActiveCfg = Debug|Any CPU
		{075D7F20-2584-4010-8307-D83D459DCFCE}.Debug|Any CPU.Build.0 = Debug|Any CPU
		{075D7F20-2584-4010-8307-D83D459DCFCE}.Release|Any CPU.ActiveCfg = Release|Any CPU
		{075D7F20-2584-4010-8307-D83D459DCFCE}.Release|Any CPU.Build.0 = Release|Any CPU
	EndGlobalSection
	GlobalSection(SolutionProperties) = preSolution
		HideSolutionNode = FALSE
	EndGlobalSection
	GlobalSection(ExtensibilityGlobals) = postSolution
		SolutionGuid = {E6016D41-1B9F-4C82-B6C6-0F6DEB1E4984}
	EndGlobalSection
EndGlobal
